
Microsoft Visual Studio Solution File, Format Version 12.00
# Visual Studio Version 17
VisualStudioVersion = 17.8.34330.188
MinimumVisualStudioVersion = 10.0.40219.1
Project("{9A19103F-16F7-4668-BE54-9A1E7A4F7556}") = "Vehicle.Rental.Api", "..\src\Vehicle.Rental.Api\Vehicle.Rental.Api.csproj", "{4A46170F-2649-427A-8F3C-E2859AD2D4F0}"
EndProject
Project("{9A19103F-16F7-4668-BE54-9A1E7A4F7556}") = "Vehicle.Rental.BLL", "..\src\Vehicle.Rental.BLL\Vehicle.Rental.BLL.csproj", "{0251DD98-2D65-4486-8312-D6E3A537A5B5}"
EndProject
Project("{9A19103F-16F7-4668-BE54-9A1E7A4F7556}") = "Vehicle.Rental.ML", "..\src\Vehicle.Rental.ML\Vehicle.Rental.ML.csproj", "{4C38FC8F-179C-4167-9B74-794414879823}"
EndProject
Global
	GlobalSection(SolutionConfigurationPlatforms) = preSolution
		Debug|Any CPU = Debug|Any CPU
		Release|Any CPU = Release|Any CPU
	EndGlobalSection
	GlobalSection(ProjectConfigurationPlatforms) = postSolution
		{4A46170F-2649-427A-8F3C-E2859AD2D4F0}.Debug|Any CPU.ActiveCfg = Debug|Any CPU
		{4A46170F-2649-427A-8F3C-E2859AD2D4F0}.Debug|Any CPU.Build.0 = Debug|Any CPU
		{4A46170F-2649-427A-8F3C-E2859AD2D4F0}.Release|Any CPU.ActiveCfg = Release|Any CPU
		{4A46170F-2649-427A-8F3C-E2859AD2D4F0}.Release|Any CPU.Build.0 = Release|Any CPU
		{0251DD98-2D65-4486-8312-D6E3A537A5B5}.Debug|Any CPU.ActiveCfg = Debug|Any CPU
		{0251DD98-2D65-4486-8312-D6E3A537A5B5}.Debug|Any CPU.Build.0 = Debug|Any CPU
		{0251DD98-2D65-4486-8312-D6E3A537A5B5}.Release|Any CPU.ActiveCfg = Release|Any CPU
		{0251DD98-2D65-4486-8312-D6E3A537A5B5}.Release|Any CPU.Build.0 = Release|Any CPU
		{4C38FC8F-179C-4167-9B74-794414879823}.Debug|Any CPU.ActiveCfg = Debug|Any CPU
		{4C38FC8F-179C-4167-9B74-794414879823}.Debug|Any CPU.Build.0 = Debug|Any CPU
		{4C38FC8F-179C-4167-9B74-794414879823}.Release|Any CPU.ActiveCfg = Release|Any CPU
		{4C38FC8F-179C-4167-9B74-794414879823}.Release|Any CPU.Build.0 = Release|Any CPU
	EndGlobalSection
	GlobalSection(SolutionProperties) = preSolution
		HideSolutionNode = FALSE
	EndGlobalSection
	GlobalSection(ExtensibilityGlobals) = postSolution
		SolutionGuid = {8AEC91D2-4539-4840-A64C-0F8F719D88CD}
	EndGlobalSection
EndGlobal
